
Microsoft Visual Studio Solution File, Format Version 12.00
# Visual Studio Version 17
VisualStudioVersion = 17.3.32811.315
MinimumVisualStudioVersion = 10.0.40219.1
Project("{FAE04EC0-301F-11D3-BF4B-00C04F79EFBC}") = "LambdaExpressionsExample", "LambdaExpressionsExample.csproj", "{93C73231-1F45-4686-8B2C-AC3425497682}"
EndProject
Global
	GlobalSection(SolutionConfigurationPlatforms) = preSolution
		Debug|Any CPU = Debug|Any CPU
		Release|Any CPU = Release|Any CPU
	EndGlobalSection
	GlobalSection(ProjectConfigurationPlatforms) = postSolution
		{93C73231-1F45-4686-8B2C-AC3425497682}.Debug|Any CPU.ActiveCfg = Debug|Any CPU
		{93C73231-1F45-4686-8B2C-AC3425497682}.Debug|Any CPU.Build.0 = Debug|Any CPU
		{93C73231-1F45-4686-8B2C-AC3425497682}.Release|Any CPU.ActiveCfg = Release|Any CPU
		{93C73231-1F45-4686-8B2C-AC3425497682}.Release|Any CPU.Build.0 = Release|Any CPU
	EndGlobalSection
	GlobalSection(SolutionProperties) = preSolution
		HideSolutionNode = FALSE
	EndGlobalSection
	GlobalSection(ExtensibilityGlobals) = postSolution
		SolutionGuid = {5CB4019B-4560-4951-96BE-0DE13180277A}
	EndGlobalSection
EndGlobal
